// !$*UTF8*$!
{
	archiveVersion = 1;
	classes = {
	};
	objectVersion = 77;
	objects = {

/* Begin PBXBuildFile section */
		FBA01BE02FE8871E00E1F6C3 /* Launch Screen.storyboard in Resources */ = {isa = PBXBuildFile; fileRef = FBA01BDF2FE8871E00E1F6C3 /* Launch Screen.storyboard */; };
		FBDBEC322F9EE6CD00D1AEC5 /* FirebaseAuth in Frameworks */ = {isa = PBXBuildFile; productRef = FBDBEC312F9EE6CD00D1AEC5 /* FirebaseAuth */; };
		FBDBEC342F9EE6CD00D1AEC5 /* FirebaseCore in Frameworks */ = {isa = PBXBuildFile; productRef = FBDBEC332F9EE6CD00D1AEC5 /* FirebaseCore */; };
		FBDBEC372F9F3BA600D1AEC5 /* GoogleSignIn in Frameworks */ = {isa = PBXBuildFile; productRef = FBDBEC362F9F3BA600D1AEC5 /* GoogleSignIn */; };
/* End PBXBuildFile section */

/* Begin PBXContainerItemProxy section */
		FBDBEBF92F9E96F300D1AEC5 /* PBXContainerItemProxy */ = {
			isa = PBXContainerItemProxy;
			containerPortal = FBDBEBE32F9E96F200D1AEC5 /* Project object */;
			proxyType = 1;
			remoteGlobalIDString = FBDBEBEA2F9E96F200D1AEC5;
			remoteInfo = lunar;
		};
		FBDBEC032F9E96F300D1AEC5 /* PBXContainerItemProxy */ = {
			isa = PBXContainerItemProxy;
			containerPortal = FBDBEBE32F9E96F200D1AEC5 /* Project object */;
			proxyType = 1;
			remoteGlobalIDString = FBDBEBEA2F9E96F200D1AEC5;
			remoteInfo = lunar;
		};
/* End PBXContainerItemProxy section */

/* Begin PBXFileReference section */
		FBA01BDF2FE8871E00E1F6C3 /* Launch Screen.storyboard */ = {isa = PBXFileReference; lastKnownFileType = file.storyboard; path = "Launch Screen.storyboard"; sourceTree = "<group>"; };
		FBDBEBEB2F9E96F200D1AEC5 /* lunar.app */ = {isa = PBXFileReference; explicitFileType = wrapper.application; includeInIndex = 0; path = lunar.app; sourceTree = BUILT_PRODUCTS_DIR; };
		FBDBEBF82F9E96F300D1AEC5 /* lunarTests.xctest */ = {isa = PBXFileReference; explicitFileType = wrapper.cfbundle; includeInIndex = 0; path = lunarTests.xctest; sourceTree = BUILT_PRODUCTS_DIR; };
		FBDBEC022F9E96F300D1AEC5 /* lunarUITests.xctest */ = {isa = PBXFileReference; explicitFileType = wrapper.cfbundle; includeInIndex = 0; path = lunarUITests.xctest; sourceTree = BUILT_PRODUCTS_DIR; };
/* End PBXFileReference section */

/* Begin PBXFileSystemSynchronizedBuildFileExceptionSet section */
		FBDBEC3B2F9F3E0D00D1AEC5 /* Exceptions for "lunar" folder in "lunar" target */ = {
			isa = PBXFileSystemSynchronizedBuildFileExceptionSet;
			membershipExceptions = (
				Info.plist,
			);
			target = FBDBEBEA2F9E96F200D1AEC5 /* lunar */;
		};
/* End PBXFileSystemSynchronizedBuildFileExceptionSet section */

/* Begin PBXFileSystemSynchronizedRootGroup section */
		FBDBEBED2F9E96F200D1AEC5 /* lunar */ = {
			isa = PBXFileSystemSynchronizedRootGroup;
			exceptions = (
				FBDBEC3B2F9F3E0D00D1AEC5 /* Exceptions for "lunar" folder in "lunar" target */,
			);
			path = lunar;
			sourceTree = "<group>";
		};
		FBDBEBFB2F9E96F300D1AEC5 /* lunarTests */ = {
			isa = PBXFileSystemSynchronizedRootGroup;
			path = lunarTests;
			sourceTree = "<group>";
		};
		FBDBEC052F9E96F300D1AEC5 /* lunarUITests */ = {
			isa = PBXFileSystemSynchronizedRootGroup;
			path = lunarUITests;
			sourceTree = "<group>";
		};
/* End PBXFileSystemSynchronizedRootGroup section */

/* Begin PBXFrameworksBuildPhase section */
		FBDBEBE82F9E96F200D1AEC5 /* Frameworks */ = {
			isa = PBXFrameworksBuildPhase;
			buildActionMask = 2147483647;
			files = (
				FBDBEC342F9EE6CD00D1AEC5 /* FirebaseCore in Frameworks */,
				FBDBEC322F9EE6CD00D1AEC5 /* FirebaseAuth in Frameworks */,
				FBDBEC372F9F3BA600D1AEC5 /* GoogleSignIn in Frameworks */,
			);
			runOnlyForDeploymentPostprocessing = 0;
		};
		FBDBEBF52F9E96F300D1AEC5 /* Frameworks */ = {
			isa = PBXFrameworksBuildPhase;
			buildActionMask = 2147483647;
			files = (
			);
			runOnlyForDeploymentPostprocessing = 0;
		};
		FBDBEBFF2F9E96F300D1AEC5 /* Frameworks */ = {
			isa = PBXFrameworksBuildPhase;
			buildActionMask = 2147483647;
			files = (
			);
			runOnlyForDeploymentPostprocessing = 0;
		};
/* End PBXFrameworksBuildPhase section */

/* Begin PBXGroup section */
		FBDBEBE22F9E96F200D1AEC5 = {
			isa = PBXGroup;
			children = (
				FBA01BDF2FE8871E00E1F6C3 /* Launch Screen.storyboard */,
				FBDBEBED2F9E96F200D1AEC5 /* lunar */,
				FBDBEBFB2F9E96F300D1AEC5 /* lunarTests */,
				FBDBEC052F9E96F300D1AEC5 /* lunarUITests */,
				FBDBEBEC2F9E96F200D1AEC5 /* Products */,
			);
			sourceTree = "<group>";
		};
		FBDBEBEC2F9E96F200D1AEC5 /* Products */ = {
			isa = PBXGroup;
			children = (
				FBDBEBEB2F9E96F200D1AEC5 /* lunar.app */,
				FBDBEBF82F9E96F300D1AEC5 /* lunarTests.xctest */,
				FBDBEC022F9E96F300D1AEC5 /* lunarUITests.xctest */,
			);
			name = Products;
			sourceTree = "<group>";
		};
/* End PBXGroup section */

/* Begin PBXNativeTarget section */
		FBDBEBEA2F9E96F200D1AEC5 /* lunar */ = {
			isa = PBXNativeTarget;
			buildConfigurationList = FBDBEC0C2F9E96F300D1AEC5 /* Build configuration list for PBXNativeTarget "lunar" */;
			buildPhases = (
				FBDBEBE72F9E96F200D1AEC5 /* Sources */,
				FBDBEBE82F9E96F200D1AEC5 /* Frameworks */,
				FBDBEBE92F9E96F200D1AEC5 /* Resources */,
			);
			buildRules = (
			);
			dependencies = (
			);
			fileSystemSynchronizedGroups = (
				FBDBEBED2F9E96F200D1AEC5 /* lunar */,
			);
			name = lunar;
			packageProductDependencies = (
				FBDBEC312F9EE6CD00D1AEC5 /* FirebaseAuth */,
				FBDBEC332F9EE6CD00D1AEC5 /* FirebaseCore */,
				FBDBEC362F9F3BA600D1AEC5 /* GoogleSignIn */,
			);
			productName = lunar;
			productReference = FBDBEBEB2F9E96F200D1AEC5 /* lunar.app */;
			productType = "com.apple.product-type.application";
		};
		FBDBEBF72F9E96F300D1AEC5 /* lunarTests */ = {
			isa = PBXNativeTarget;
			buildConfigurationList = FBDBEC0F2F9E96F300D1AEC5 /* Build configuration list for PBXNativeTarget "lunarTests" */;
			buildPhases = (
				FBDBEBF42F9E96F300D1AEC5 /* Sources */,
				FBDBEBF52F9E96F300D1AEC5 /* Frameworks */,
				FBDBEBF62F9E96F300D1AEC5 /* Resources */,
			);
			buildRules = (
			);
			dependencies = (
				FBDBEBFA2F9E96F300D1AEC5 /* PBXTargetDependency */,
			);
			fileSystemSynchronizedGroups = (
				FBDBEBFB2F9E96F300D1AEC5 /* lunarTests */,
			);
			name = lunarTests;
			packageProductDependencies = (
			);
			productName = lunarTests;
			productReference = FBDBEBF82F9E96F300D1AEC5 /* lunarTests.xctest */;
			productType = "com.apple.product-type.bundle.unit-test";
		};
		FBDBEC012F9E96F300D1AEC5 /* lunarUITests */ = {
			isa = PBXNativeTarget;
			buildConfigurationList = FBDBEC122F9E96F300D1AEC5 /* Build configuration list for PBXNativeTarget "lunarUITests" */;
			buildPhases = (
				FBDBEBFE2F9E96F300D1AEC5 /* Sources */,
				FBDBEBFF2F9E96F300D1AEC5 /* Frameworks */,
				FBDBEC002F9E96F300D1AEC5 /* Resources */,
			);
			buildRules = (
			);
			dependencies = (
				FBDBEC042F9E96F300D1AEC5 /* PBXTargetDependency */,
			);
			fileSystemSynchronizedGroups = (
				FBDBEC052F9E96F300D1AEC5 /* lunarUITests */,
			);
			name = lunarUITests;
			packageProductDependencies = (
			);
			productName = lunarUITests;
			productReference = FBDBEC022F9E96F300D1AEC5 /* lunarUITests.xctest */;
			productType = "com.apple.product-type.bundle.ui-testing";
		};
/* End PBXNativeTarget section */

/* Begin PBXProject section */
		FBDBEBE32F9E96F200D1AEC5 /* Project object */ = {
			isa = PBXProject;
			attributes = {
				BuildIndependentTargetsInParallel = 1;
				LastSwiftUpdateCheck = 1640;
				LastUpgradeCheck = 2650;
				TargetAttributes = {
					FBDBEBEA2F9E96F200D1AEC5 = {
						CreatedOnToolsVersion = 16.4;
					};
					FBDBEBF72F9E96F300D1AEC5 = {
						CreatedOnToolsVersion = 16.4;
						TestTargetID = FBDBEBEA2F9E96F200D1AEC5;
					};
					FBDBEC012F9E96F300D1AEC5 = {
						CreatedOnToolsVersion = 16.4;
						TestTargetID = FBDBEBEA2F9E96F200D1AEC5;
					};
				};
			};
			buildConfigurationList = FBDBEBE62F9E96F200D1AEC5 /* Build configuration list for PBXProject "lunar" */;
			developmentRegion = en;
			hasScannedForEncodings = 0;
			knownRegions = (
				en,
				Base,
			);
			mainGroup = FBDBEBE22F9E96F200D1AEC5;
			minimizedProjectReferenceProxies = 1;
			packageReferences = (
				FBDBEC302F9EE6CD00D1AEC5 /* XCRemoteSwiftPackageReference "firebase-ios-sdk" */,
				FBDBEC352F9F3BA600D1AEC5 /* XCRemoteSwiftPackageReference "GoogleSignIn-iOS" */,
			);
			preferredProjectObjectVersion = 77;
			productRefGroup = FBDBEBEC2F9E96F200D1AEC5 /* Products */;
			projectDirPath = "";
			projectRoot = "";
			targets = (
				FBDBEBEA2F9E96F200D1AEC5 /* lunar */,
				FBDBEBF72F9E96F300D1AEC5 /* lunarTests */,
				FBDBEC012F9E96F300D1AEC5 /* lunarUITests */,
			);
		};
/* End PBXProject section */

/* Begin PBXResourcesBuildPhase section */
		FBDBEBE92F9E96F200D1AEC5 /* Resources */ = {
			isa = PBXResourcesBuildPhase;
			buildActionMask = 2147483647;
			files = (
				FBA01BE02FE8871E00E1F6C3 /* Launch Screen.storyboard in Resources */,
			);
			runOnlyForDeploymentPostprocessing = 0;
		};
		FBDBEBF62F9E96F300D1AEC5 /* Resources */ = {
			isa = PBXResourcesBuildPhase;
			buildActionMask = 2147483647;
			files = (
			);
			runOnlyForDeploymentPostprocessing = 0;
		};
		FBDBEC002F9E96F300D1AEC5 /* Resources */ = {
			isa = PBXResourcesBuildPhase;
			buildActionMask = 2147483647;
			files = (
			);
			runOnlyForDeploymentPostprocessing = 0;
		};
/* End PBXResourcesBuildPhase section */

/* Begin PBXSourcesBuildPhase section */
		FBDBEBE72F9E96F200D1AEC5 /* Sources */ = {
			isa = PBXSourcesBuildPhase;
			buildActionMask = 2147483647;
			files = (
			);
			runOnlyForDeploymentPostprocessing = 0;
		};
		FBDBEBF42F9E96F300D1AEC5 /* Sources */ = {
			isa = PBXSourcesBuildPhase;
			buildActionMask = 2147483647;
			files = (
			);
			runOnlyForDeploymentPostprocessing = 0;
		};
		FBDBEBFE2F9E96F300D1AEC5 /* Sources */ = {
			isa = PBXSourcesBuildPhase;
			buildActionMask = 2147483647;
			files = (
			);
			runOnlyForDeploymentPostprocessing = 0;
		};
/* End PBXSourcesBuildPhase section */

/* Begin PBXTargetDependency section */
		FBDBEBFA2F9E96F300D1AEC5 /* PBXTargetDependency */ = {
			isa = PBXTargetDependency;
			target = FBDBEBEA2F9E96F200D1AEC5 /* lunar */;
			targetProxy = FBDBEBF92F9E96F300D1AEC5 /* PBXContainerItemProxy */;
		};
		FBDBEC042F9E96F300D1AEC5 /* PBXTargetDependency */ = {
			isa = PBXTargetDependency;
			target = FBDBEBEA2F9E96F200D1AEC5 /* lunar */;
			targetProxy = FBDBEC032F9E96F300D1AEC5 /* PBXContainerItemProxy */;
		};
/* End PBXTargetDependency section */

/* Begin XCBuildConfiguration section */
		FBDBEC0A2F9E96F300D1AEC5 /* Debug */ = {
			isa = XCBuildConfiguration;
			buildSettings = {
				ALWAYS_SEARCH_USER_PATHS = NO;
				ASSETCATALOG_COMPILER_GENERATE_SWIFT_ASSET_SYMBOL_EXTENSIONS = YES;
				CLANG_ANALYZER_NONNULL = YES;
				CLANG_ANALYZER_NUMBER_OBJECT_CONVERSION = YES_AGGRESSIVE;
				CLANG_CXX_LANGUAGE_STANDARD = "gnu++20";
				CLANG_ENABLE_MODULES = YES;
				CLANG_ENABLE_OBJC_ARC = YES;
				CLANG_ENABLE_OBJC_WEAK = YES;
				CLANG_WARN_BLOCK_CAPTURE_AUTORELEASING = YES;
				CLANG_WARN_BOOL_CONVERSION = YES;
				CLANG_WARN_COMMA = YES;
				CLANG_WARN_CONSTANT_CONVERSION = YES;
				CLANG_WARN_DEPRECATED_OBJC_IMPLEMENTATIONS = YES;
				CLANG_WARN_DIRECT_OBJC_ISA_USAGE = YES_ERROR;
				CLANG_WARN_DOCUMENTATION_COMMENTS = YES;
				CLANG_WARN_EMPTY_BODY = YES;
				CLANG_WARN_ENUM_CONVERSION = YES;
				CLANG_WARN_INFINITE_RECURSION = YES;
				CLANG_WARN_INT_CONVERSION = YES;
				CLANG_WARN_NON_LITERAL_NULL_CONVERSION = YES;
				CLANG_WARN_OBJC_IMPLICIT_RETAIN_SELF = YES;
				CLANG_WARN_OBJC_LITERAL_CONVERSION = YES;
				CLANG_WARN_OBJC_ROOT_CLASS = YES_ERROR;
				CLANG_WARN_QUOTED_INCLUDE_IN_FRAMEWORK_HEADER = YES;
				CLANG_WARN_RANGE_LOOP_ANALYSIS = YES;
				CLANG_WARN_STRICT_PROTOTYPES = YES;
				CLANG_WARN_SUSPICIOUS_MOVE = YES;
				CLANG_WARN_UNGUARDED_AVAILABILITY = YES_AGGRESSIVE;
				CLANG_WARN_UNREACHABLE_CODE = YES;
				CLANG_WARN__DUPLICATE_METHOD_MATCH = YES;
				COPY_PHASE_STRIP = NO;
				DEBUG_INFORMATION_FORMAT = dwarf;
				ENABLE_STRICT_OBJC_MSGSEND = YES;
				ENABLE_TESTABILITY = YES;
				ENABLE_USER_SCRIPT_SANDBOXING = YES;
				GCC_C_LANGUAGE_STANDARD = gnu17;
				GCC_DYNAMIC_NO_PIC = NO;
				GCC_NO_COMMON_BLOCKS = YES;
				GCC_OPTIMIZATION_LEVEL = 0;
				GCC_PREPROCESSOR_DEFINITIONS = (
					"DEBUG=1",
					"$(inherited)",
				);
				GCC_WARN_64_TO_32_BIT_CONVERSION = YES;
				GCC_WARN_ABOUT_RETURN_TYPE = YES_ERROR;
				GCC_WARN_UNDECLARED_SELECTOR = YES;
				GCC_WARN_UNINITIALIZED_AUTOS = YES_AGGRESSIVE;
				GCC_WARN_UNUSED_FUNCTION = YES;
				GCC_WARN_UNUSED_VARIABLE = YES;
				IPHONEOS_DEPLOYMENT_TARGET = 18.5;
				LOCALIZATION_PREFERS_STRING_CATALOGS = YES;
				MTL_ENABLE_DEBUG_INFO = INCLUDE_SOURCE;
				MTL_FAST_MATH = YES;
				ONLY_ACTIVE_ARCH = YES;
				SDKROOT = iphoneos;
				STRING_CATALOG_GENERATE_SYMBOLS = YES;
				SWIFT_ACTIVE_COMPILATION_CONDITIONS = "DEBUG $(inherited)";
				SWIFT_OPTIMIZATION_LEVEL = "-Onone";
			};
			name = Debug;
		};
		FBDBEC0B2F9E96F300D1AEC5 /* Release */ = {
			isa = XCBuildConfiguration;
			buildSettings = {
				ALWAYS_SEARCH_USER_PATHS = NO;
				ASSETCATALOG_COMPILER_GENERATE_SWIFT_ASSET_SYMBOL_EXTENSIONS = YES;
				CLANG_ANALYZER_NONNULL = YES;
				CLANG_ANALYZER_NUMBER_OBJECT_CONVERSION = YES_AGGRESSIVE;
				CLANG_CXX_LANGUAGE_STANDARD = "gnu++20";
				CLANG_ENABLE_MODULES = YES;
				CLANG_ENABLE_OBJC_ARC = YES;
				CLANG_ENABLE_OBJC_WEAK = YES;
				CLANG_WARN_BLOCK_CAPTURE_AUTORELEASING = YES;
				CLANG_WARN_BOOL_CONVERSION = YES;
				CLANG_WARN_COMMA = YES;
				CLANG_WARN_CONSTANT_CONVERSION = YES;
				CLANG_WARN_DEPRECATED_OBJC_IMPLEMENTATIONS = YES;
				CLANG_WARN_DIRECT_OBJC_ISA_USAGE = YES_ERROR;
				CLANG_WARN_DOCUMENTATION_COMMENTS = YES;
				CLANG_WARN_EMPTY_BODY = YES;
				CLANG_WARN_ENUM_CONVERSION = YES;
				CLANG_WARN_INFINITE_RECURSION = YES;
				CLANG_WARN_INT_CONVERSION = YES;
				CLANG_WARN_NON_LITERAL_NULL_CONVERSION = YES;
				CLANG_WARN_OBJC_IMPLICIT_RETAIN_SELF = YES;
				CLANG_WARN_OBJC_LITERAL_CONVERSION = YES;
				CLANG_WARN_OBJC_ROOT_CLASS = YES_ERROR;
				CLANG_WARN_QUOTED_INCLUDE_IN_FRAMEWORK_HEADER = YES;
				CLANG_WARN_RANGE_LOOP_ANALYSIS = YES;
				CLANG_WARN_STRICT_PROTOTYPES = YES;
				CLANG_WARN_SUSPICIOUS_MOVE = YES;
				CLANG_WARN_UNGUARDED_AVAILABILITY = YES_AGGRESSIVE;
				CLANG_WARN_UNREACHABLE_CODE = YES;
				CLANG_WARN__DUPLICATE_METHOD_MATCH = YES;
				COPY_PHASE_STRIP = NO;
				DEBUG_INFORMATION_FORMAT = "dwarf-with-dsym";
				ENABLE_NS_ASSERTIONS = NO;
				ENABLE_STRICT_OBJC_MSGSEND = YES;
				ENABLE_USER_SCRIPT_SANDBOXING = YES;
				GCC_C_LANGUAGE_STANDARD = gnu17;
				GCC_NO_COMMON_BLOCKS = YES;
				GCC_WARN_64_TO_32_BIT_CONVERSION = YES;
				GCC_WARN_ABOUT_RETURN_TYPE = YES_ERROR;
				GCC_WARN_UNDECLARED_SELECTOR = YES;
				GCC_WARN_UNINITIALIZED_AUTOS = YES_AGGRESSIVE;
				GCC_WARN_UNUSED_FUNCTION = YES;
				GCC_WARN_UNUSED_VARIABLE = YES;
				IPHONEOS_DEPLOYMENT_TARGET = 18.5;
				LOCALIZATION_PREFERS_STRING_CATALOGS = YES;
				MTL_ENABLE_DEBUG_INFO = NO;
				MTL_FAST_MATH = YES;
				SDKROOT = iphoneos;
				STRING_CATALOG_GENERATE_SYMBOLS = YES;
				SWIFT_COMPILATION_MODE = wholemodule;
				VALIDATE_PRODUCT = YES;
			};
			name = Release;
		};
		FBDBEC0D2F9E96F300D1AEC5 /* Debug */ = {
			isa = XCBuildConfiguration;
			buildSettings = {
				ASSETCATALOG_COMPILER_APPICON_NAME = AppIcon;
				ASSETCATALOG_COMPILER_GLOBAL_ACCENT_COLOR_NAME = AccentColor;
				CODE_SIGN_ENTITLEMENTS = lunar/lunar.entitlements;
				CODE_SIGN_STYLE = Automatic;
				CURRENT_PROJECT_VERSION = 1;
				DEVELOPMENT_TEAM = TKM857D489;
				ENABLE_PREVIEWS = YES;
				GENERATE_INFOPLIST_FILE = YES;
				INFOPLIST_FILE = lunar/Info.plist;
				INFOPLIST_KEY_UIApplicationSceneManifest_Generation = YES;
				INFOPLIST_KEY_UIApplicationSupportsIndirectInputEvents = YES;
				INFOPLIST_KEY_UILaunchStoryboardName = "Launch Screen";
				INFOPLIST_KEY_UISupportedInterfaceOrientations_iPad = "UIInterfaceOrientationPortrait UIInterfaceOrientationPortraitUpsideDown UIInterfaceOrientationLandscapeLeft UIInterfaceOrientationLandscapeRight";
				INFOPLIST_KEY_UISupportedInterfaceOrientations_iPhone = "UIInterfaceOrientationPortrait UIInterfaceOrientationLandscapeLeft UIInterfaceOrientationLandscapeRight";
				LD_RUNPATH_SEARCH_PATHS = (
					"$(inherited)",
					"@executable_path/Frameworks",
				);
				MARKETING_VERSION = 1.0;
				PRODUCT_BUNDLE_IDENTIFIER = callysto.lunar;
				PRODUCT_NAME = "$(TARGET_NAME)";
				SWIFT_EMIT_LOC_STRINGS = YES;
				SWIFT_VERSION = 5.0;
				TARGETED_DEVICE_FAMILY = "1,2";
			};
			name = Debug;
		};
		FBDBEC0E2F9E96F300D1AEC5 /* Release */ = {
			isa = XCBuildConfiguration;
			buildSettings = {
				ASSETCATALOG_COMPILER_APPICON_NAME = AppIcon;
				ASSETCATALOG_COMPILER_GLOBAL_ACCENT_COLOR_NAME = AccentColor;
				CODE_SIGN_ENTITLEMENTS = lunar/lunar.entitlements;
				CODE_SIGN_STYLE = Automatic;
				CURRENT_PROJECT_VERSION = 1;
				DEVELOPMENT_TEAM = TKM857D489;
				ENABLE_PREVIEWS = YES;
				GENERATE_INFOPLIST_FILE = YES;
				INFOPLIST_FILE = lunar/Info.plist;
				INFOPLIST_KEY_UIApplicationSceneManifest_Generation = YES;
				INFOPLIST_KEY_UIApplicationSupportsIndirectInputEvents = YES;
				INFOPLIST_KEY_UILaunchStoryboardName = "Launch Screen";
				INFOPLIST_KEY_UISupportedInterfaceOrientations_iPad = "UIInterfaceOrientationPortrait UIInterfaceOrientationPortraitUpsideDown UIInterfaceOrientationLandscapeLeft UIInterfaceOrientationLandscapeRight";
				INFOPLIST_KEY_UISupportedInterfaceOrientations_iPhone = "UIInterfaceOrientationPortrait UIInterfaceOrientationLandscapeLeft UIInterfaceOrientationLandscapeRight";
				LD_RUNPATH_SEARCH_PATHS = (
					"$(inherited)",
					"@executable_path/Frameworks",
				);
				MARKETING_VERSION = 1.0;
				PRODUCT_BUNDLE_IDENTIFIER = callysto.lunar;
				PRODUCT_NAME = "$(TARGET_NAME)";
				SWIFT_EMIT_LOC_STRINGS = YES;
				SWIFT_VERSION = 5.0;
				TARGETED_DEVICE_FAMILY = "1,2";
			};
			name = Release;
		};
		FBDBEC102F9E96F300D1AEC5 /* Debug */ = {
			isa = XCBuildConfiguration;
			buildSettings = {
				BUNDLE_LOADER = "$(TEST_HOST)";
				CODE_SIGN_STYLE = Automatic;
				CURRENT_PROJECT_VERSION = 1;
				GENERATE_INFOPLIST_FILE = YES;
				IPHONEOS_DEPLOYMENT_TARGET = 18.5;
				MARKETING_VERSION = 1.0;
				PRODUCT_BUNDLE_IDENTIFIER = callysto.lunarTests;
				PRODUCT_NAME = "$(TARGET_NAME)";
				SWIFT_EMIT_LOC_STRINGS = NO;
				SWIFT_VERSION = 5.0;
				TARGETED_DEVICE_FAMILY = "1,2";
				TEST_HOST = "$(BUILT_PRODUCTS_DIR)/lunar.app/$(BUNDLE_EXECUTABLE_FOLDER_PATH)/lunar";
			};
			name = Debug;
		};
		FBDBEC112F9E96F300D1AEC5 /* Release */ = {
			isa = XCBuildConfiguration;
			buildSettings = {
				BUNDLE_LOADER = "$(TEST_HOST)";
				CODE_SIGN_STYLE = Automatic;
				CURRENT_PROJECT_VERSION = 1;
				GENERATE_INFOPLIST_FILE = YES;
				IPHONEOS_DEPLOYMENT_TARGET = 18.5;
				MARKETING_VERSION = 1.0;
				PRODUCT_BUNDLE_IDENTIFIER = callysto.lunarTests;
				PRODUCT_NAME = "$(TARGET_NAME)";
				SWIFT_EMIT_LOC_STRINGS = NO;
				SWIFT_VERSION = 5.0;
				TARGETED_DEVICE_FAMILY = "1,2";
				TEST_HOST = "$(BUILT_PRODUCTS_DIR)/lunar.app/$(BUNDLE_EXECUTABLE_FOLDER_PATH)/lunar";
			};
			name = Release;
		};
		FBDBEC132F9E96F300D1AEC5 /* Debug */ = {
			isa = XCBuildConfiguration;
			buildSettings = {
				CODE_SIGN_STYLE = Automatic;
				CURRENT_PROJECT_VERSION = 1;
				GENERATE_INFOPLIST_FILE = YES;
				MARKETING_VERSION = 1.0;
				PRODUCT_BUNDLE_IDENTIFIER = callysto.lunarUITests;
				PRODUCT_NAME = "$(TARGET_NAME)";
				SWIFT_EMIT_LOC_STRINGS = NO;
				SWIFT_VERSION = 5.0;
				TARGETED_DEVICE_FAMILY = "1,2";
				TEST_TARGET_NAME = lunar;
			};
			name = Debug;
		};
		FBDBEC142F9E96F300D1AEC5 /* Release */ = {
			isa = XCBuildConfiguration;
			buildSettings = {
				CODE_SIGN_STYLE = Automatic;
				CURRENT_PROJECT_VERSION = 1;
				GENERATE_INFOPLIST_FILE = YES;
				MARKETING_VERSION = 1.0;
				PRODUCT_BUNDLE_IDENTIFIER = callysto.lunarUITests;
				PRODUCT_NAME = "$(TARGET_NAME)";
				SWIFT_EMIT_LOC_STRINGS = NO;
				SWIFT_VERSION = 5.0;
				TARGETED_DEVICE_FAMILY = "1,2";
				TEST_TARGET_NAME = lunar;
			};
			name = Release;
		};
/* End XCBuildConfiguration section */

/* Begin XCConfigurationList section */
		FBDBEBE62F9E96F200D1AEC5 /* Build configuration list for PBXProject "lunar" */ = {
			isa = XCConfigurationList;
			buildConfigurations = (
				FBDBEC0A2F9E96F300D1AEC5 /* Debug */,
				FBDBEC0B2F9E96F300D1AEC5 /* Release */,
			);
			defaultConfigurationIsVisible = 0;
			defaultConfigurationName = Release;
		};
		FBDBEC0C2F9E96F300D1AEC5 /* Build configuration list for PBXNativeTarget "lunar" */ = {
			isa = XCConfigurationList;
			buildConfigurations = (
				FBDBEC0D2F9E96F300D1AEC5 /* Debug */,
				FBDBEC0E2F9E96F300D1AEC5 /* Release */,
			);
			defaultConfigurationIsVisible = 0;
			defaultConfigurationName = Release;
		};
		FBDBEC0F2F9E96F300D1AEC5 /* Build configuration list for PBXNativeTarget "lunarTests" */ = {
			isa = XCConfigurationList;
			buildConfigurations = (
				FBDBEC102F9E96F300D1AEC5 /* Debug */,
				FBDBEC112F9E96F300D1AEC5 /* Release */,
			);
			defaultConfigurationIsVisible = 0;
			defaultConfigurationName = Release;
		};
		FBDBEC122F9E96F300D1AEC5 /* Build configuration list for PBXNativeTarget "lunarUITests" */ = {
			isa = XCConfigurationList;
			buildConfigurations = (
				FBDBEC132F9E96F300D1AEC5 /* Debug */,
				FBDBEC142F9E96F300D1AEC5 /* Release */,
			);
			defaultConfigurationIsVisible = 0;
			defaultConfigurationName = Release;
		};
/* End XCConfigurationList section */

/* Begin XCRemoteSwiftPackageReference section */
		FBDBEC302F9EE6CD00D1AEC5 /* XCRemoteSwiftPackageReference "firebase-ios-sdk" */ = {
			isa = XCRemoteSwiftPackageReference;
			repositoryURL = "https://github.com/firebase/firebase-ios-sdk";
			requirement = {
				kind = upToNextMajorVersion;
				minimumVersion = 12.12.1;
			};
		};
		FBDBEC352F9F3BA600D1AEC5 /* XCRemoteSwiftPackageReference "GoogleSignIn-iOS" */ = {
			isa = XCRemoteSwiftPackageReference;
			repositoryURL = "https://github.com/google/GoogleSignIn-iOS";
			requirement = {
				kind = upToNextMajorVersion;
				minimumVersion = 9.1.0;
			};
		};
/* End XCRemoteSwiftPackageReference section */

/* Begin XCSwiftPackageProductDependency section */
		FBDBEC312F9EE6CD00D1AEC5 /* FirebaseAuth */ = {
			isa = XCSwiftPackageProductDependency;
			package = FBDBEC302F9EE6CD00D1AEC5 /* XCRemoteSwiftPackageReference "firebase-ios-sdk" */;
			productName = FirebaseAuth;
		};
		FBDBEC332F9EE6CD00D1AEC5 /* FirebaseCore */ = {
			isa = XCSwiftPackageProductDependency;
			package = FBDBEC302F9EE6CD00D1AEC5 /* XCRemoteSwiftPackageReference "firebase-ios-sdk" */;
			productName = FirebaseCore;
		};
		FBDBEC362F9F3BA600D1AEC5 /* GoogleSignIn */ = {
			isa = XCSwiftPackageProductDependency;
			package = FBDBEC352F9F3BA600D1AEC5 /* XCRemoteSwiftPackageReference "GoogleSignIn-iOS" */;
			productName = GoogleSignIn;
		};
/* End XCSwiftPackageProductDependency section */
	};
	rootObject = FBDBEBE32F9E96F200D1AEC5 /* Project object */;
}
